# This file is autogenerated, do not edit; changes may be undone by the next 'dep ensure'.


[[projects]]
  branch = "master"
  name = "github.com/alecthomas/template"
  packages = [
    ".",
    "parse"
  ]
  revision = "a0175ee3bccc567396460bf5acd36800cb10c49c"

[[projects]]
  branch = "master"
  name = "github.com/alecthomas/units"
  packages = ["."]
  revision = "2efee857e7cfd4f3d0138cc3cbb1b4966962b93a"

[[projects]]
  name = "github.com/boombuler/barcode"
  packages = [
    ".",
    "qr",
    "utils"
  ]
  revision = "3cfea5ab600ae37946be2b763b8ec2c1cf2d272d"
  version = "v1.0.0"

[[projects]]
  name = "github.com/cloudflare/cfssl"
  packages = [
    "crypto/pkcs7",
    "errors",
    "helpers",
    "helpers/derhelpers",
    "log"
  ]
  revision = "5d63dbd981b5c408effbb58c442d54761ff94fbd"
  version = "1.3.2"

[[projects]]
  name = "github.com/google/certificate-transparency-go"
  packages = [
    ".",
    "asn1",
    "tls",
    "x509",
    "x509/pkix"
  ]
  revision = "5ab67e519c93568ac3ee50fd6772a5bcf8aa460d"

[[projects]]
  branch = "master"
  name = "github.com/nmcclain/asn1-ber"
  packages = ["."]
  revision = "2661553a04840c556cf4f3cd69fa3332bae84e9d"

[[projects]]
  name = "github.com/pquerna/otp"
  packages = [
    ".",
    "hotp",
    "totp"
  ]
  revision = "be78767b3e392ce45ea73444451022a6fc32ad0d"
  version = "v1.1.0"

[[projects]]
  branch = "master"
  name = "github.com/tsocial/catoolkit"
  packages = ["tlsproxy"]
  revision = "683ef50a2c99e8156d12f2e2d5b2d46938665ddf"

[[projects]]
  name = "github.com/tsocial/cfssl"
  packages = ["revoke"]
  revision = "bd4e730d5cf68d132d5b9e4a747318a4e6c10d64"
  version = "1.3.3"

[[projects]]
  branch = "master"
  name = "github.com/tsocial/srelapd"
  packages = ["ldap"]
  revision = "8129497bee3a8ece0c2800f2caab940fa6373b26"

[[projects]]
  branch = "master"
  name = "golang.org/x/crypto"
  packages = [
    "cryptobyte",
    "cryptobyte/asn1",
    "ocsp",
    "pkcs12",
    "pkcs12/internal/rc2"
  ]
  revision = "505ab145d0a99da450461ae2c1a9f6cd10d1f447"

[[projects]]
  name = "gopkg.in/alecthomas/kingpin.v2"
  packages = ["."]
  revision = "947dcec5ba9c011838740e680966fd7087a71d0d"
  version = "v2.2.6"

[solve-meta]
  analyzer-name = "dep"
  analyzer-version = 1
  inputs-digest = "9334b36bc6d67498c19926c41516d77ae629bec9c54a2fb3133d2d398bf9ec05"
  solver-name = "gps-cdcl"
  solver-version = 1
